
Microsoft Visual Studio Solution File, Format Version 12.00
# Visual Studio 15
VisualStudioVersion = 15.0.28010.2050
MinimumVisualStudioVersion = 10.0.40219.1
Project("{9A19103F-16F7-4668-BE54-9A1E7A4F7556}") = "OnlineStore", "OnlineStore\OnlineStore.csproj", "{2098FD65-78F6-4EC4-8B94-73CB27964CFF}"
EndProject
Project("{9A19103F-16F7-4668-BE54-9A1E7A4F7556}") = "_OnlineStore.Data", "OnlineStore.Data\_OnlineStore.Data.csproj", "{71770E2F-835C-41F0-A597-DD54AA9136CF}"
EndProject
Global
	GlobalSection(SolutionConfigurationPlatforms) = preSolution
		Debug|Any CPU = Debug|Any CPU
		Release|Any CPU = Release|Any CPU
	EndGlobalSection
	GlobalSection(ProjectConfigurationPlatforms) = postSolution
		{2098FD65-78F6-4EC4-8B94-73CB27964CFF}.Debug|Any CPU.ActiveCfg = Debug|Any CPU
		{2098FD65-78F6-4EC4-8B94-73CB27964CFF}.Debug|Any CPU.Build.0 = Debug|Any CPU
		{2098FD65-78F6-4EC4-8B94-73CB27964CFF}.Release|Any CPU.ActiveCfg = Release|Any CPU
		{2098FD65-78F6-4EC4-8B94-73CB27964CFF}.Release|Any CPU.Build.0 = Release|Any CPU
		{71770E2F-835C-41F0-A597-DD54AA9136CF}.Debug|Any CPU.ActiveCfg = Debug|Any CPU
		{71770E2F-835C-41F0-A597-DD54AA9136CF}.Debug|Any CPU.Build.0 = Debug|Any CPU
		{71770E2F-835C-41F0-A597-DD54AA9136CF}.Release|Any CPU.ActiveCfg = Release|Any CPU
		{71770E2F-835C-41F0-A597-DD54AA9136CF}.Release|Any CPU.Build.0 = Release|Any CPU
	EndGlobalSection
	GlobalSection(SolutionProperties) = preSolution
		HideSolutionNode = FALSE
	EndGlobalSection
	GlobalSection(ExtensibilityGlobals) = postSolution
		SolutionGuid = {0164A2E8-EB1A-40D5-8F28-DDFF14826522}
	EndGlobalSection
EndGlobal
